
Microsoft Visual Studio Solution File, Format Version 12.00
# Visual Studio 15
VisualStudioVersion = 15.0.28010.2016
MinimumVisualStudioVersion = 10.0.40219.1
Project("{FAE04EC0-301F-11D3-BF4B-00C04F79EFBC}") = "MyToDoList.WPF", "MyToDoList.WPF\MyToDoList.WPF.csproj", "{71AD330C-31F1-49E2-A3B7-3A0B0BDC79C4}"
EndProject
Project("{FAE04EC0-301F-11D3-BF4B-00C04F79EFBC}") = "MyToDoList.Library", "MyToDoList.Library\MyToDoList.Library.csproj", "{EF57421E-118B-4FA0-ADD7-4A6332FE37F6}"
EndProject
Project("{FAE04EC0-301F-11D3-BF4B-00C04F79EFBC}") = "Tasks.Library", "Tasks.Library\Tasks.Library.csproj", "{94200195-059E-4B23-ABA8-FC9EFBAD6640}"
EndProject
Global
	GlobalSection(SolutionConfigurationPlatforms) = preSolution
		Debug|Any CPU = Debug|Any CPU
		Release|Any CPU = Release|Any CPU
	EndGlobalSection
	GlobalSection(ProjectConfigurationPlatforms) = postSolution
		{71AD330C-31F1-49E2-A3B7-3A0B0BDC79C4}.Debug|Any CPU.ActiveCfg = Debug|Any CPU
		{71AD330C-31F1-49E2-A3B7-3A0B0BDC79C4}.Debug|Any CPU.Build.0 = Debug|Any CPU
		{71AD330C-31F1-49E2-A3B7-3A0B0BDC79C4}.Release|Any CPU.ActiveCfg = Release|Any CPU
		{71AD330C-31F1-49E2-A3B7-3A0B0BDC79C4}.Release|Any CPU.Build.0 = Release|Any CPU
		{EF57421E-118B-4FA0-ADD7-4A6332FE37F6}.Debug|Any CPU.ActiveCfg = Debug|Any CPU
		{EF57421E-118B-4FA0-ADD7-4A6332FE37F6}.Debug|Any CPU.Build.0 = Debug|Any CPU
		{EF57421E-118B-4FA0-ADD7-4A6332FE37F6}.Release|Any CPU.ActiveCfg = Release|Any CPU
		{EF57421E-118B-4FA0-ADD7-4A6332FE37F6}.Release|Any CPU.Build.0 = Release|Any CPU
		{94200195-059E-4B23-ABA8-FC9EFBAD6640}.Debug|Any CPU.ActiveCfg = Debug|Any CPU
		{94200195-059E-4B23-ABA8-FC9EFBAD6640}.Debug|Any CPU.Build.0 = Debug|Any CPU
		{94200195-059E-4B23-ABA8-FC9EFBAD6640}.Release|Any CPU.ActiveCfg = Release|Any CPU
		{94200195-059E-4B23-ABA8-FC9EFBAD6640}.Release|Any CPU.Build.0 = Release|Any CPU
	EndGlobalSection
	GlobalSection(SolutionProperties) = preSolution
		HideSolutionNode = FALSE
	EndGlobalSection
	GlobalSection(ExtensibilityGlobals) = postSolution
		SolutionGuid = {5407B752-B8CF-4932-871D-79146125A465}
	EndGlobalSection
EndGlobal
